// !$*UTF8*$!
{
	archiveVersion = 1;
	classes = {
	};
	objectVersion = 52;
	objects = {

/* Begin PBXBuildFile section */
		DE5F0FAF25C9F06B003F7AA8 /* AppDelegate.swift in Sources */ = {isa = PBXBuildFile; fileRef = DE5F0FAE25C9F06B003F7AA8 /* AppDelegate.swift */; };
		DE5F0FB125C9F06B003F7AA8 /* SceneDelegate.swift in Sources */ = {isa = PBXBuildFile; fileRef = DE5F0FB025C9F06B003F7AA8 /* SceneDelegate.swift */; };
		DE5F0FB325C9F06B003F7AA8 /* ContentView.swift in Sources */ = {isa = PBXBuildFile; fileRef = DE5F0FB225C9F06B003F7AA8 /* ContentView.swift */; };
		DE5F0FB525C9F06E003F7AA8 /* Assets.xcassets in Resources */ = {isa = PBXBuildFile; fileRef = DE5F0FB425C9F06E003F7AA8 /* Assets.xcassets */; };
		DE5F0FB825C9F06E003F7AA8 /* Preview Assets.xcassets in Resources */ = {isa = PBXBuildFile; fileRef = DE5F0FB725C9F06E003F7AA8 /* Preview Assets.xcassets */; };
		DE5F0FBB25C9F06E003F7AA8 /* LaunchScreen.storyboard in Resources */ = {isa = PBXBuildFile; fileRef = DE5F0FB925C9F06E003F7AA8 /* LaunchScreen.storyboard */; };
		DE5F0FC625C9F06F003F7AA8 /* PozProjectTests.swift in Sources */ = {isa = PBXBuildFile; fileRef = DE5F0FC525C9F06F003F7AA8 /* PozProjectTests.swift */; };
		DE5F0FD125C9F06F003F7AA8 /* PozProjectUITests.swift in Sources */ = {isa = PBXBuildFile; fileRef = DE5F0FD025C9F06F003F7AA8 /* PozProjectUITests.swift */; };
		DE5F0FE225C9F0BA003F7AA8 /* Home.swift in Sources */ = {isa = PBXBuildFile; fileRef = DE5F0FE125C9F0BA003F7AA8 /* Home.swift */; };
		DE5F0FEA25C9F0F4003F7AA8 /* Poppins-Regular.ttf in Resources */ = {isa = PBXBuildFile; fileRef = DE5F0FE925C9F0F4003F7AA8 /* Poppins-Regular.ttf */; };
		DE5F0FEF25C9F0FF003F7AA8 /* Blueberry Regular.otf in Resources */ = {isa = PBXBuildFile; fileRef = DE5F0FEE25C9F0FF003F7AA8 /* Blueberry Regular.otf */; };
		DE5F100225CC9BB5003F7AA8 /* EnterName.swift in Sources */ = {isa = PBXBuildFile; fileRef = DE5F100125CC9BB5003F7AA8 /* EnterName.swift */; };
		DE5F100725CC9CC2003F7AA8 /* RateMood.swift in Sources */ = {isa = PBXBuildFile; fileRef = DE5F100625CC9CC2003F7AA8 /* RateMood.swift */; };
		DEDB5DBC25D32C53009F5B0D /* EnterThoughts.swift in Sources */ = {isa = PBXBuildFile; fileRef = DEDB5DBB25D32C53009F5B0D /* EnterThoughts.swift */; };
		DEDB5DC125D32D9D009F5B0D /* MessageToSelf.swift in Sources */ = {isa = PBXBuildFile; fileRef = DEDB5DC025D32D9D009F5B0D /* MessageToSelf.swift */; };
		DEDB5DC625D3B2C6009F5B0D /* BreatheOne.swift in Sources */ = {isa = PBXBuildFile; fileRef = DEDB5DC525D3B2C6009F5B0D /* BreatheOne.swift */; };
		DEDB5DCB25D3B4B4009F5B0D /* LottieView.swift in Sources */ = {isa = PBXBuildFile; fileRef = DEDB5DCA25D3B4B4009F5B0D /* LottieView.swift */; };
		DEDB5DD125D3B4E8009F5B0D /* Lottie in Frameworks */ = {isa = PBXBuildFile; productRef = DEDB5DD025D3B4E8009F5B0D /* Lottie */; };
		DEDB5DD625D3BC88009F5B0D /* breathe.json in Resources */ = {isa = PBXBuildFile; fileRef = DEDB5DD525D3BC87009F5B0D /* breathe.json */; };
		DEDB5DD725D3BC88009F5B0D /* breathe.json in Resources */ = {isa = PBXBuildFile; fileRef = DEDB5DD525D3BC87009F5B0D /* breathe.json */; };
		DEDB5DD825D3BC88009F5B0D /* breathe.json in Resources */ = {isa = PBXBuildFile; fileRef = DEDB5DD525D3BC87009F5B0D /* breathe.json */; };
/* End PBXBuildFile section */

/* Begin PBXContainerItemProxy section */
		DE5F0FC225C9F06F003F7AA8 /* PBXContainerItemProxy */ = {
			isa = PBXContainerItemProxy;
			containerPortal = DE5F0FA325C9F06B003F7AA8 /* Project object */;
			proxyType = 1;
			remoteGlobalIDString = DE5F0FAA25C9F06B003F7AA8;
			remoteInfo = PozProject;
		};
		DE5F0FCD25C9F06F003F7AA8 /* PBXContainerItemProxy */ = {
			isa = PBXContainerItemProxy;
			containerPortal = DE5F0FA325C9F06B003F7AA8 /* Project object */;
			proxyType = 1;
			remoteGlobalIDString = DE5F0FAA25C9F06B003F7AA8;
			remoteInfo = PozProject;
		};
/* End PBXContainerItemProxy section */

/* Begin PBXFileReference section */
		1174F1C6E7ECE48F534F133B /* Pods-PozProject.release.xcconfig */ = {isa = PBXFileReference; includeInIndex = 1; lastKnownFileType = text.xcconfig; name = "Pods-PozProject.release.xcconfig"; path = "Target Support Files/Pods-PozProject/Pods-PozProject.release.xcconfig"; sourceTree = "<group>"; };
		900F03E5703CEB80063176FB /* Pods-PozProject.debug.xcconfig */ = {isa = PBXFileReference; includeInIndex = 1; lastKnownFileType = text.xcconfig; name = "Pods-PozProject.debug.xcconfig"; path = "Target Support Files/Pods-PozProject/Pods-PozProject.debug.xcconfig"; sourceTree = "<group>"; };
		95A01B588EB9945984D7B7D6 /* Pods-PozProjectTests.debug.xcconfig */ = {isa = PBXFileReference; includeInIndex = 1; lastKnownFileType = text.xcconfig; name = "Pods-PozProjectTests.debug.xcconfig"; path = "Target Support Files/Pods-PozProjectTests/Pods-PozProjectTests.debug.xcconfig"; sourceTree = "<group>"; };
		9F8079238718AF478F094CEB /* Pods-PozProject-PozProjectUITests.debug.xcconfig */ = {isa = PBXFileReference; includeInIndex = 1; lastKnownFileType = text.xcconfig; name = "Pods-PozProject-PozProjectUITests.debug.xcconfig"; path = "Target Support Files/Pods-PozProject-PozProjectUITests/Pods-PozProject-PozProjectUITests.debug.xcconfig"; sourceTree = "<group>"; };
		A31D30EBEF0BD0031A4B402F /* Pods-PozProject-PozProjectUITests.release.xcconfig */ = {isa = PBXFileReference; includeInIndex = 1; lastKnownFileType = text.xcconfig; name = "Pods-PozProject-PozProjectUITests.release.xcconfig"; path = "Target Support Files/Pods-PozProject-PozProjectUITests/Pods-PozProject-PozProjectUITests.release.xcconfig"; sourceTree = "<group>"; };
		AD3624DEDDA99DCD2C283AAB /* Pods-PozProjectTests.release.xcconfig */ = {isa = PBXFileReference; includeInIndex = 1; lastKnownFileType = text.xcconfig; name = "Pods-PozProjectTests.release.xcconfig"; path = "Target Support Files/Pods-PozProjectTests/Pods-PozProjectTests.release.xcconfig"; sourceTree = "<group>"; };
		DE5F0FAB25C9F06B003F7AA8 /* PozProject.app */ = {isa = PBXFileReference; explicitFileType = wrapper.application; includeInIndex = 0; path = PozProject.app; sourceTree = BUILT_PRODUCTS_DIR; };
		DE5F0FAE25C9F06B003F7AA8 /* AppDelegate.swift */ = {isa = PBXFileReference; lastKnownFileType = sourcecode.swift; path = AppDelegate.swift; sourceTree = "<group>"; };
		DE5F0FB025C9F06B003F7AA8 /* SceneDelegate.swift */ = {isa = PBXFileReference; lastKnownFileType = sourcecode.swift; path = SceneDelegate.swift; sourceTree = "<group>"; };
		DE5F0FB225C9F06B003F7AA8 /* ContentView.swift */ = {isa = PBXFileReference; lastKnownFileType = sourcecode.swift; path = ContentView.swift; sourceTree = "<group>"; };
		DE5F0FB425C9F06E003F7AA8 /* Assets.xcassets */ = {isa = PBXFileReference; lastKnownFileType = folder.assetcatalog; path = Assets.xcassets; sourceTree = "<group>"; };
		DE5F0FB725C9F06E003F7AA8 /* Preview Assets.xcassets */ = {isa = PBXFileReference; lastKnownFileType = folder.assetcatalog; path = "Preview Assets.xcassets"; sourceTree = "<group>"; };
		DE5F0FBA25C9F06E003F7AA8 /* Base */ = {isa = PBXFileReference; lastKnownFileType = file.storyboard; name = Base; path = Base.lproj/LaunchScreen.storyboard; sourceTree = "<group>"; };
		DE5F0FBC25C9F06E003F7AA8 /* Info.plist */ = {isa = PBXFileReference; lastKnownFileType = text.plist.xml; path = Info.plist; sourceTree = "<group>"; };
		DE5F0FC125C9F06F003F7AA8 /* PozProjectTests.xctest */ = {isa = PBXFileReference; explicitFileType = wrapper.cfbundle; includeInIndex = 0; path = PozProjectTests.xctest; sourceTree = BUILT_PRODUCTS_DIR; };
		DE5F0FC525C9F06F003F7AA8 /* PozProjectTests.swift */ = {isa = PBXFileReference; lastKnownFileType = sourcecode.swift; path = PozProjectTests.swift; sourceTree = "<group>"; };
		DE5F0FC725C9F06F003F7AA8 /* Info.plist */ = {isa = PBXFileReference; lastKnownFileType = text.plist.xml; path = Info.plist; sourceTree = "<group>"; };
		DE5F0FCC25C9F06F003F7AA8 /* PozProjectUITests.xctest */ = {isa = PBXFileReference; explicitFileType = wrapper.cfbundle; includeInIndex = 0; path = PozProjectUITests.xctest; sourceTree = BUILT_PRODUCTS_DIR; };
		DE5F0FD025C9F06F003F7AA8 /* PozProjectUITests.swift */ = {isa = PBXFileReference; lastKnownFileType = sourcecode.swift; path = PozProjectUITests.swift; sourceTree = "<group>"; };
		DE5F0FD225C9F06F003F7AA8 /* Info.plist */ = {isa = PBXFileReference; lastKnownFileType = text.plist.xml; path = Info.plist; sourceTree = "<group>"; };
		DE5F0FE125C9F0BA003F7AA8 /* Home.swift */ = {isa = PBXFileReference; lastKnownFileType = sourcecode.swift; path = Home.swift; sourceTree = "<group>"; };
		DE5F0FE925C9F0F4003F7AA8 /* Poppins-Regular.ttf */ = {isa = PBXFileReference; lastKnownFileType = file; path = "Poppins-Regular.ttf"; sourceTree = "<group>"; };
		DE5F0FEE25C9F0FF003F7AA8 /* Blueberry Regular.otf */ = {isa = PBXFileReference; lastKnownFileType = file; path = "Blueberry Regular.otf"; sourceTree = "<group>"; };
		DE5F100125CC9BB5003F7AA8 /* EnterName.swift */ = {isa = PBXFileReference; lastKnownFileType = sourcecode.swift; path = EnterName.swift; sourceTree = "<group>"; };
		DE5F100625CC9CC2003F7AA8 /* RateMood.swift */ = {isa = PBXFileReference; lastKnownFileType = sourcecode.swift; path = RateMood.swift; sourceTree = "<group>"; };
		DEDB5DBB25D32C53009F5B0D /* EnterThoughts.swift */ = {isa = PBXFileReference; lastKnownFileType = sourcecode.swift; path = EnterThoughts.swift; sourceTree = "<group>"; };
		DEDB5DC025D32D9D009F5B0D /* MessageToSelf.swift */ = {isa = PBXFileReference; lastKnownFileType = sourcecode.swift; path = MessageToSelf.swift; sourceTree = "<group>"; };
		DEDB5DC525D3B2C6009F5B0D /* BreatheOne.swift */ = {isa = PBXFileReference; lastKnownFileType = sourcecode.swift; path = BreatheOne.swift; sourceTree = "<group>"; };
		DEDB5DCA25D3B4B4009F5B0D /* LottieView.swift */ = {isa = PBXFileReference; lastKnownFileType = sourcecode.swift; path = LottieView.swift; sourceTree = "<group>"; };
		DEDB5DD525D3BC87009F5B0D /* breathe.json */ = {isa = PBXFileReference; fileEncoding = 4; lastKnownFileType = text.json; path = breathe.json; sourceTree = "<group>"; };
/* End PBXFileReference section */

/* Begin PBXFrameworksBuildPhase section */
		DE5F0FA825C9F06B003F7AA8 /* Frameworks */ = {
			isa = PBXFrameworksBuildPhase;
			buildActionMask = 2147483647;
			files = (
				DEDB5DD125D3B4E8009F5B0D /* Lottie in Frameworks */,
			);
			runOnlyForDeploymentPostprocessing = 0;
		};
		DE5F0FBE25C9F06F003F7AA8 /* Frameworks */ = {
			isa = PBXFrameworksBuildPhase;
			buildActionMask = 2147483647;
			files = (
			);
			runOnlyForDeploymentPostprocessing = 0;
		};
		DE5F0FC925C9F06F003F7AA8 /* Frameworks */ = {
			isa = PBXFrameworksBuildPhase;
			buildActionMask = 2147483647;
			files = (
			);
			runOnlyForDeploymentPostprocessing = 0;
		};
/* End PBXFrameworksBuildPhase section */

/* Begin PBXGroup section */
		8367E9284B745645A417A6EC /* Pods */ = {
			isa = PBXGroup;
			children = (
				900F03E5703CEB80063176FB /* Pods-PozProject.debug.xcconfig */,
				1174F1C6E7ECE48F534F133B /* Pods-PozProject.release.xcconfig */,
				9F8079238718AF478F094CEB /* Pods-PozProject-PozProjectUITests.debug.xcconfig */,
				A31D30EBEF0BD0031A4B402F /* Pods-PozProject-PozProjectUITests.release.xcconfig */,
				95A01B588EB9945984D7B7D6 /* Pods-PozProjectTests.debug.xcconfig */,
				AD3624DEDDA99DCD2C283AAB /* Pods-PozProjectTests.release.xcconfig */,
			);
			path = Pods;
			sourceTree = "<group>";
		};
		DE5F0FA225C9F06B003F7AA8 = {
			isa = PBXGroup;
			children = (
				DE5F0FAD25C9F06B003F7AA8 /* PozProject */,
				DE5F0FC425C9F06F003F7AA8 /* PozProjectTests */,
				DE5F0FCF25C9F06F003F7AA8 /* PozProjectUITests */,
				DE5F0FAC25C9F06B003F7AA8 /* Products */,
				8367E9284B745645A417A6EC /* Pods */,
			);
			sourceTree = "<group>";
		};
		DE5F0FAC25C9F06B003F7AA8 /* Products */ = {
			isa = PBXGroup;
			children = (
				DE5F0FAB25C9F06B003F7AA8 /* PozProject.app */,
				DE5F0FC125C9F06F003F7AA8 /* PozProjectTests.xctest */,
				DE5F0FCC25C9F06F003F7AA8 /* PozProjectUITests.xctest */,
			);
			name = Products;
			sourceTree = "<group>";
		};
		DE5F0FAD25C9F06B003F7AA8 /* PozProject */ = {
			isa = PBXGroup;
			children = (
				DEDB5DD525D3BC87009F5B0D /* breathe.json */,
				DE5F0FAE25C9F06B003F7AA8 /* AppDelegate.swift */,
				DE5F0FB025C9F06B003F7AA8 /* SceneDelegate.swift */,
				DE5F0FB225C9F06B003F7AA8 /* ContentView.swift */,
				DE5F0FE125C9F0BA003F7AA8 /* Home.swift */,
				DE5F100125CC9BB5003F7AA8 /* EnterName.swift */,
				DEDB5DC525D3B2C6009F5B0D /* BreatheOne.swift */,
				DEDB5DCA25D3B4B4009F5B0D /* LottieView.swift */,
				DE5F100625CC9CC2003F7AA8 /* RateMood.swift */,
				DEDB5DBB25D32C53009F5B0D /* EnterThoughts.swift */,
				DEDB5DC025D32D9D009F5B0D /* MessageToSelf.swift */,
				DE5F0FB425C9F06E003F7AA8 /* Assets.xcassets */,
				DE5F0FB925C9F06E003F7AA8 /* LaunchScreen.storyboard */,
				DE5F0FBC25C9F06E003F7AA8 /* Info.plist */,
				DE5F0FE925C9F0F4003F7AA8 /* Poppins-Regular.ttf */,
				DE5F0FEE25C9F0FF003F7AA8 /* Blueberry Regular.otf */,
				DE5F0FB625C9F06E003F7AA8 /* Preview Content */,
			);
			path = PozProject;
			sourceTree = "<group>";
		};
		DE5F0FB625C9F06E003F7AA8 /* Preview Content */ = {
			isa = PBXGroup;
			children = (
				DE5F0FB725C9F06E003F7AA8 /* Preview Assets.xcassets */,
			);
			path = "Preview Content";
			sourceTree = "<group>";
		};
		DE5F0FC425C9F06F003F7AA8 /* PozProjectTests */ = {
			isa = PBXGroup;
			children = (
				DE5F0FC525C9F06F003F7AA8 /* PozProjectTests.swift */,
				DE5F0FC725C9F06F003F7AA8 /* Info.plist */,
			);
			path = PozProjectTests;
			sourceTree = "<group>";
		};
		DE5F0FCF25C9F06F003F7AA8 /* PozProjectUITests */ = {
			isa = PBXGroup;
			children = (
				DE5F0FD025C9F06F003F7AA8 /* PozProjectUITests.swift */,
				DE5F0FD225C9F06F003F7AA8 /* Info.plist */,
			);
			path = PozProjectUITests;
			sourceTree = "<group>";
		};
/* End PBXGroup section */

/* Begin PBXNativeTarget section */
		DE5F0FAA25C9F06B003F7AA8 /* PozProject */ = {
			isa = PBXNativeTarget;
			buildConfigurationList = DE5F0FD525C9F06F003F7AA8 /* Build configuration list for PBXNativeTarget "PozProject" */;
			buildPhases = (
				1CB753EB76CE88BB67FC25AD /* [CP] Check Pods Manifest.lock */,
				DE5F0FA725C9F06B003F7AA8 /* Sources */,
				DE5F0FA825C9F06B003F7AA8 /* Frameworks */,
				DE5F0FA925C9F06B003F7AA8 /* Resources */,
			);
			buildRules = (
			);
			dependencies = (
			);
			name = PozProject;
			packageProductDependencies = (
				DEDB5DD025D3B4E8009F5B0D /* Lottie */,
			);
			productName = PozProject;
			productReference = DE5F0FAB25C9F06B003F7AA8 /* PozProject.app */;
			productType = "com.apple.product-type.application";
		};
		DE5F0FC025C9F06F003F7AA8 /* PozProjectTests */ = {
			isa = PBXNativeTarget;
			buildConfigurationList = DE5F0FD825C9F06F003F7AA8 /* Build configuration list for PBXNativeTarget "PozProjectTests" */;
			buildPhases = (
				5731A991F7B6558274FC4740 /* [CP] Check Pods Manifest.lock */,
				DE5F0FBD25C9F06F003F7AA8 /* Sources */,
				DE5F0FBE25C9F06F003F7AA8 /* Frameworks */,
				DE5F0FBF25C9F06F003F7AA8 /* Resources */,
			);
			buildRules = (
			);
			dependencies = (
				DE5F0FC325C9F06F003F7AA8 /* PBXTargetDependency */,
			);
			name = PozProjectTests;
			productName = PozProjectTests;
			productReference = DE5F0FC125C9F06F003F7AA8 /* PozProjectTests.xctest */;
			productType = "com.apple.product-type.bundle.unit-test";
		};
		DE5F0FCB25C9F06F003F7AA8 /* PozProjectUITests */ = {
			isa = PBXNativeTarget;
			buildConfigurationList = DE5F0FDB25C9F06F003F7AA8 /* Build configuration list for PBXNativeTarget "PozProjectUITests" */;
			buildPhases = (
				41EE312ADE17516A01477D9E /* [CP] Check Pods Manifest.lock */,
				DE5F0FC825C9F06F003F7AA8 /* Sources */,
				DE5F0FC925C9F06F003F7AA8 /* Frameworks */,
				DE5F0FCA25C9F06F003F7AA8 /* Resources */,
			);
			buildRules = (
			);
			dependencies = (
				DE5F0FCE25C9F06F003F7AA8 /* PBXTargetDependency */,
			);
			name = PozProjectUITests;
			productName = PozProjectUITests;
			productReference = DE5F0FCC25C9F06F003F7AA8 /* PozProjectUITests.xctest */;
			productType = "com.apple.product-type.bundle.ui-testing";
		};
/* End PBXNativeTarget section */

/* Begin PBXProject section */
		DE5F0FA325C9F06B003F7AA8 /* Project object */ = {
			isa = PBXProject;
			attributes = {
				LastSwiftUpdateCheck = 1240;
				LastUpgradeCheck = 1240;
				TargetAttributes = {
					DE5F0FAA25C9F06B003F7AA8 = {
						CreatedOnToolsVersion = 12.4;
					};
					DE5F0FC025C9F06F003F7AA8 = {
						CreatedOnToolsVersion = 12.4;
						TestTargetID = DE5F0FAA25C9F06B003F7AA8;
					};
					DE5F0FCB25C9F06F003F7AA8 = {
						CreatedOnToolsVersion = 12.4;
						TestTargetID = DE5F0FAA25C9F06B003F7AA8;
					};
				};
			};
			buildConfigurationList = DE5F0FA625C9F06B003F7AA8 /* Build configuration list for PBXProject "PozProject" */;
			compatibilityVersion = "Xcode 9.3";
			developmentRegion = en;
			hasScannedForEncodings = 0;
			knownRegions = (
				en,
				Base,
			);
			mainGroup = DE5F0FA225C9F06B003F7AA8;
			packageReferences = (
				DEDB5DCF25D3B4E8009F5B0D /* XCRemoteSwiftPackageReference "lottie-ios" */,
			);
			productRefGroup = DE5F0FAC25C9F06B003F7AA8 /* Products */;
			projectDirPath = "";
			projectRoot = "";
			targets = (
				DE5F0FAA25C9F06B003F7AA8 /* PozProject */,
				DE5F0FC025C9F06F003F7AA8 /* PozProjectTests */,
				DE5F0FCB25C9F06F003F7AA8 /* PozProjectUITests */,
			);
		};
/* End PBXProject section */

/* Begin PBXResourcesBuildPhase section */
		DE5F0FA925C9F06B003F7AA8 /* Resources */ = {
			isa = PBXResourcesBuildPhase;
			buildActionMask = 2147483647;
			files = (
				DE5F0FBB25C9F06E003F7AA8 /* LaunchScreen.storyboard in Resources */,
				DE5F0FB825C9F06E003F7AA8 /* Preview Assets.xcassets in Resources */,
				DE5F0FB525C9F06E003F7AA8 /* Assets.xcassets in Resources */,
				DEDB5DD625D3BC88009F5B0D /* breathe.json in Resources */,
				DE5F0FEA25C9F0F4003F7AA8 /* Poppins-Regular.ttf in Resources */,
				DE5F0FEF25C9F0FF003F7AA8 /* Blueberry Regular.otf in Resources */,
			);
			runOnlyForDeploymentPostprocessing = 0;
		};
		DE5F0FBF25C9F06F003F7AA8 /* Resources */ = {
			isa = PBXResourcesBuildPhase;
			buildActionMask = 2147483647;
			files = (
				DEDB5DD725D3BC88009F5B0D /* breathe.json in Resources */,
			);
			runOnlyForDeploymentPostprocessing = 0;
		};
		DE5F0FCA25C9F06F003F7AA8 /* Resources */ = {
			isa = PBXResourcesBuildPhase;
			buildActionMask = 2147483647;
			files = (
				DEDB5DD825D3BC88009F5B0D /* breathe.json in Resources */,
			);
			runOnlyForDeploymentPostprocessing = 0;
		};
/* End PBXResourcesBuildPhase section */

/* Begin PBXShellScriptBuildPhase section */
		1CB753EB76CE88BB67FC25AD /* [CP] Check Pods Manifest.lock */ = {
			isa = PBXShellScriptBuildPhase;
			buildActionMask = 2147483647;
			files = (
			);
			inputFileListPaths = (
			);
			inputPaths = (
				"${PODS_PODFILE_DIR_PATH}/Podfile.lock",
				"${PODS_ROOT}/Manifest.lock",
			);
			name = "[CP] Check Pods Manifest.lock";
			outputFileListPaths = (
			);
			outputPaths = (
				"$(DERIVED_FILE_DIR)/Pods-PozProject-checkManifestLockResult.txt",
			);
			runOnlyForDeploymentPostprocessing = 0;
			shellPath = /bin/sh;
			shellScript = "diff \"${PODS_PODFILE_DIR_PATH}/Podfile.lock\" \"${PODS_ROOT}/Manifest.lock\" > /dev/null\nif [ $? != 0 ] ; then\n    # print error to STDERR\n    echo \"error: The sandbox is not in sync with the Podfile.lock. Run 'pod install' or update your CocoaPods installation.\" >&2\n    exit 1\nfi\n# This output is used by Xcode 'outputs' to avoid re-running this script phase.\necho \"SUCCESS\" > \"${SCRIPT_OUTPUT_FILE_0}\"\n";
			showEnvVarsInLog = 0;
		};
		41EE312ADE17516A01477D9E /* [CP] Check Pods Manifest.lock */ = {
			isa = PBXShellScriptBuildPhase;
			buildActionMask = 2147483647;
			files = (
			);
			inputFileListPaths = (
			);
			inputPaths = (
				"${PODS_PODFILE_DIR_PATH}/Podfile.lock",
				"${PODS_ROOT}/Manifest.lock",
			);
			name = "[CP] Check Pods Manifest.lock";
			outputFileListPaths = (
			);
			outputPaths = (
				"$(DERIVED_FILE_DIR)/Pods-PozProject-PozProjectUITests-checkManifestLockResult.txt",
			);
			runOnlyForDeploymentPostprocessing = 0;
			shellPath = /bin/sh;
			shellScript = "diff \"${PODS_PODFILE_DIR_PATH}/Podfile.lock\" \"${PODS_ROOT}/Manifest.lock\" > /dev/null\nif [ $? != 0 ] ; then\n    # print error to STDERR\n    echo \"error: The sandbox is not in sync with the Podfile.lock. Run 'pod install' or update your CocoaPods installation.\" >&2\n    exit 1\nfi\n# This output is used by Xcode 'outputs' to avoid re-running this script phase.\necho \"SUCCESS\" > \"${SCRIPT_OUTPUT_FILE_0}\"\n";
			showEnvVarsInLog = 0;
		};
		5731A991F7B6558274FC4740 /* [CP] Check Pods Manifest.lock */ = {
			isa = PBXShellScriptBuildPhase;
			buildActionMask = 2147483647;
			files = (
			);
			inputFileListPaths = (
			);
			inputPaths = (
				"${PODS_PODFILE_DIR_PATH}/Podfile.lock",
				"${PODS_ROOT}/Manifest.lock",
			);
			name = "[CP] Check Pods Manifest.lock";
			outputFileListPaths = (
			);
			outputPaths = (
				"$(DERIVED_FILE_DIR)/Pods-PozProjectTests-checkManifestLockResult.txt",
			);
			runOnlyForDeploymentPostprocessing = 0;
			shellPath = /bin/sh;
			shellScript = "diff \"${PODS_PODFILE_DIR_PATH}/Podfile.lock\" \"${PODS_ROOT}/Manifest.lock\" > /dev/null\nif [ $? != 0 ] ; then\n    # print error to STDERR\n    echo \"error: The sandbox is not in sync with the Podfile.lock. Run 'pod install' or update your CocoaPods installation.\" >&2\n    exit 1\nfi\n# This output is used by Xcode 'outputs' to avoid re-running this script phase.\necho \"SUCCESS\" > \"${SCRIPT_OUTPUT_FILE_0}\"\n";
			showEnvVarsInLog = 0;
		};
/* End PBXShellScriptBuildPhase section */

/* Begin PBXSourcesBuildPhase section */
		DE5F0FA725C9F06B003F7AA8 /* Sources */ = {
			isa = PBXSourcesBuildPhase;
			buildActionMask = 2147483647;
			files = (
				DEDB5DC125D32D9D009F5B0D /* MessageToSelf.swift in Sources */,
				DE5F100225CC9BB5003F7AA8 /* EnterName.swift in Sources */,
				DE5F0FAF25C9F06B003F7AA8 /* AppDelegate.swift in Sources */,
				DEDB5DC625D3B2C6009F5B0D /* BreatheOne.swift in Sources */,
				DE5F0FB125C9F06B003F7AA8 /* SceneDelegate.swift in Sources */,
				DEDB5DBC25D32C53009F5B0D /* EnterThoughts.swift in Sources */,
				DE5F0FE225C9F0BA003F7AA8 /* Home.swift in Sources */,
				DEDB5DCB25D3B4B4009F5B0D /* LottieView.swift in Sources */,
				DE5F100725CC9CC2003F7AA8 /* RateMood.swift in Sources */,
				DE5F0FB325C9F06B003F7AA8 /* ContentView.swift in Sources */,
			);
			runOnlyForDeploymentPostprocessing = 0;
		};
		DE5F0FBD25C9F06F003F7AA8 /* Sources */ = {
			isa = PBXSourcesBuildPhase;
			buildActionMask = 2147483647;
			files = (
				DE5F0FC625C9F06F003F7AA8 /* PozProjectTests.swift in Sources */,
			);
			runOnlyForDeploymentPostprocessing = 0;
		};
		DE5F0FC825C9F06F003F7AA8 /* Sources */ = {
			isa = PBXSourcesBuildPhase;
			buildActionMask = 2147483647;
			files = (
				DE5F0FD125C9F06F003F7AA8 /* PozProjectUITests.swift in Sources */,
			);
			runOnlyForDeploymentPostprocessing = 0;
		};
/* End PBXSourcesBuildPhase section */

/* Begin PBXTargetDependency section */
		DE5F0FC325C9F06F003F7AA8 /* PBXTargetDependency */ = {
			isa = PBXTargetDependency;
			target = DE5F0FAA25C9F06B003F7AA8 /* PozProject */;
			targetProxy = DE5F0FC225C9F06F003F7AA8 /* PBXContainerItemProxy */;
		};
		DE5F0FCE25C9F06F003F7AA8 /* PBXTargetDependency */ = {
			isa = PBXTargetDependency;
			target = DE5F0FAA25C9F06B003F7AA8 /* PozProject */;
			targetProxy = DE5F0FCD25C9F06F003F7AA8 /* PBXContainerItemProxy */;
		};
/* End PBXTargetDependency section */

/* Begin PBXVariantGroup section */
		DE5F0FB925C9F06E003F7AA8 /* LaunchScreen.storyboard */ = {
			isa = PBXVariantGroup;
			children = (
				DE5F0FBA25C9F06E003F7AA8 /* Base */,
			);
			name = LaunchScreen.storyboard;
			sourceTree = "<group>";
		};
/* End PBXVariantGroup section */

/* Begin XCBuildConfiguration section */
		DE5F0FD325C9F06F003F7AA8 /* Debug */ = {
			isa = XCBuildConfiguration;
			buildSettings = {
				ALWAYS_SEARCH_USER_PATHS = NO;
				CLANG_ANALYZER_NONNULL = YES;
				CLANG_ANALYZER_NUMBER_OBJECT_CONVERSION = YES_AGGRESSIVE;
				CLANG_CXX_LANGUAGE_STANDARD = "gnu++14";
				CLANG_CXX_LIBRARY = "libc++";
				CLANG_ENABLE_MODULES = YES;
				CLANG_ENABLE_OBJC_ARC = YES;
				CLANG_ENABLE_OBJC_WEAK = YES;
				CLANG_WARN_BLOCK_CAPTURE_AUTORELEASING = YES;
				CLANG_WARN_BOOL_CONVERSION = YES;
				CLANG_WARN_COMMA = YES;
				CLANG_WARN_CONSTANT_CONVERSION = YES;
				CLANG_WARN_DEPRECATED_OBJC_IMPLEMENTATIONS = YES;
				CLANG_WARN_DIRECT_OBJC_ISA_USAGE = YES_ERROR;
				CLANG_WARN_DOCUMENTATION_COMMENTS = YES;
				CLANG_WARN_EMPTY_BODY = YES;
				CLANG_WARN_ENUM_CONVERSION = YES;
				CLANG_WARN_INFINITE_RECURSION = YES;
				CLANG_WARN_INT_CONVERSION = YES;
				CLANG_WARN_NON_LITERAL_NULL_CONVERSION = YES;
				CLANG_WARN_OBJC_IMPLICIT_RETAIN_SELF = YES;
				CLANG_WARN_OBJC_LITERAL_CONVERSION = YES;
				CLANG_WARN_OBJC_ROOT_CLASS = YES_ERROR;
				CLANG_WARN_QUOTED_INCLUDE_IN_FRAMEWORK_HEADER = YES;
				CLANG_WARN_RANGE_LOOP_ANALYSIS = YES;
				CLANG_WARN_STRICT_PROTOTYPES = YES;
				CLANG_WARN_SUSPICIOUS_MOVE = YES;
				CLANG_WARN_UNGUARDED_AVAILABILITY = YES_AGGRESSIVE;
				CLANG_WARN_UNREACHABLE_CODE = YES;
				CLANG_WARN__DUPLICATE_METHOD_MATCH = YES;
				COPY_PHASE_STRIP = NO;
				DEBUG_INFORMATION_FORMAT = dwarf;
				ENABLE_STRICT_OBJC_MSGSEND = YES;
				ENABLE_TESTABILITY = YES;
				GCC_C_LANGUAGE_STANDARD = gnu11;
				GCC_DYNAMIC_NO_PIC = NO;
				GCC_NO_COMMON_BLOCKS = YES;
				GCC_OPTIMIZATION_LEVEL = 0;
				GCC_PREPROCESSOR_DEFINITIONS = (
					"DEBUG=1",
					"$(inherited)",
				);
				GCC_WARN_64_TO_32_BIT_CONVERSION = YES;
				GCC_WARN_ABOUT_RETURN_TYPE = YES_ERROR;
				GCC_WARN_UNDECLARED_SELECTOR = YES;
				GCC_WARN_UNINITIALIZED_AUTOS = YES_AGGRESSIVE;
				GCC_WARN_UNUSED_FUNCTION = YES;
				GCC_WARN_UNUSED_VARIABLE = YES;
				IPHONEOS_DEPLOYMENT_TARGET = 14.4;
				MTL_ENABLE_DEBUG_INFO = INCLUDE_SOURCE;
				MTL_FAST_MATH = YES;
				ONLY_ACTIVE_ARCH = YES;
				SDKROOT = iphoneos;
				SWIFT_ACTIVE_COMPILATION_CONDITIONS = DEBUG;
				SWIFT_OPTIMIZATION_LEVEL = "-Onone";
			};
			name = Debug;
		};
		DE5F0FD425C9F06F003F7AA8 /* Release */ = {
			isa = XCBuildConfiguration;
			buildSettings = {
				ALWAYS_SEARCH_USER_PATHS = NO;
				CLANG_ANALYZER_NONNULL = YES;
				CLANG_ANALYZER_NUMBER_OBJECT_CONVERSION = YES_AGGRESSIVE;
				CLANG_CXX_LANGUAGE_STANDARD = "gnu++14";
				CLANG_CXX_LIBRARY = "libc++";
				CLANG_ENABLE_MODULES = YES;
				CLANG_ENABLE_OBJC_ARC = YES;
				CLANG_ENABLE_OBJC_WEAK = YES;
				CLANG_WARN_BLOCK_CAPTURE_AUTORELEASING = YES;
				CLANG_WARN_BOOL_CONVERSION = YES;
				CLANG_WARN_COMMA = YES;
				CLANG_WARN_CONSTANT_CONVERSION = YES;
				CLANG_WARN_DEPRECATED_OBJC_IMPLEMENTATIONS = YES;
				CLANG_WARN_DIRECT_OBJC_ISA_USAGE = YES_ERROR;
				CLANG_WARN_DOCUMENTATION_COMMENTS = YES;
				CLANG_WARN_EMPTY_BODY = YES;
				CLANG_WARN_ENUM_CONVERSION = YES;
				CLANG_WARN_INFINITE_RECURSION = YES;
				CLANG_WARN_INT_CONVERSION = YES;
				CLANG_WARN_NON_LITERAL_NULL_CONVERSION = YES;
				CLANG_WARN_OBJC_IMPLICIT_RETAIN_SELF = YES;
				CLANG_WARN_OBJC_LITERAL_CONVERSION = YES;
				CLANG_WARN_OBJC_ROOT_CLASS = YES_ERROR;
				CLANG_WARN_QUOTED_INCLUDE_IN_FRAMEWORK_HEADER = YES;
				CLANG_WARN_RANGE_LOOP_ANALYSIS = YES;
				CLANG_WARN_STRICT_PROTOTYPES = YES;
				CLANG_WARN_SUSPICIOUS_MOVE = YES;
				CLANG_WARN_UNGUARDED_AVAILABILITY = YES_AGGRESSIVE;
				CLANG_WARN_UNREACHABLE_CODE = YES;
				CLANG_WARN__DUPLICATE_METHOD_MATCH = YES;
				COPY_PHASE_STRIP = NO;
				DEBUG_INFORMATION_FORMAT = "dwarf-with-dsym";
				ENABLE_NS_ASSERTIONS = NO;
				ENABLE_STRICT_OBJC_MSGSEND = YES;
				GCC_C_LANGUAGE_STANDARD = gnu11;
				GCC_NO_COMMON_BLOCKS = YES;
				GCC_WARN_64_TO_32_BIT_CONVERSION = YES;
				GCC_WARN_ABOUT_RETURN_TYPE = YES_ERROR;
				GCC_WARN_UNDECLARED_SELECTOR = YES;
				GCC_WARN_UNINITIALIZED_AUTOS = YES_AGGRESSIVE;
				GCC_WARN_UNUSED_FUNCTION = YES;
				GCC_WARN_UNUSED_VARIABLE = YES;
				IPHONEOS_DEPLOYMENT_TARGET = 14.4;
				MTL_ENABLE_DEBUG_INFO = NO;
				MTL_FAST_MATH = YES;
				SDKROOT = iphoneos;
				SWIFT_COMPILATION_MODE = wholemodule;
				SWIFT_OPTIMIZATION_LEVEL = "-O";
				VALIDATE_PRODUCT = YES;
			};
			name = Release;
		};
		DE5F0FD625C9F06F003F7AA8 /* Debug */ = {
			isa = XCBuildConfiguration;
			baseConfigurationReference = 900F03E5703CEB80063176FB /* Pods-PozProject.debug.xcconfig */;
			buildSettings = {
				ASSETCATALOG_COMPILER_APPICON_NAME = AppIcon;
				ASSETCATALOG_COMPILER_GLOBAL_ACCENT_COLOR_NAME = AccentColor;
				CODE_SIGN_STYLE = Automatic;
				DEVELOPMENT_ASSET_PATHS = "\"PozProject/Preview Content\"";
				ENABLE_PREVIEWS = YES;
				INFOPLIST_FILE = PozProject/Info.plist;
				LD_RUNPATH_SEARCH_PATHS = (
					"$(inherited)",
					"@executable_path/Frameworks",
				);
				PRODUCT_BUNDLE_IDENTIFIER = Kish.PozProject;
				PRODUCT_NAME = "$(TARGET_NAME)";
				SWIFT_VERSION = 5.0;
				TARGETED_DEVICE_FAMILY = "1,2";
			};
			name = Debug;
		};
		DE5F0FD725C9F06F003F7AA8 /* Release */ = {
			isa = XCBuildConfiguration;
			baseConfigurationReference = 1174F1C6E7ECE48F534F133B /* Pods-PozProject.release.xcconfig */;
			buildSettings = {
				ASSETCATALOG_COMPILER_APPICON_NAME = AppIcon;
				ASSETCATALOG_COMPILER_GLOBAL_ACCENT_COLOR_NAME = AccentColor;
				CODE_SIGN_STYLE = Automatic;
				DEVELOPMENT_ASSET_PATHS = "\"PozProject/Preview Content\"";
				ENABLE_PREVIEWS = YES;
				INFOPLIST_FILE = PozProject/Info.plist;
				LD_RUNPATH_SEARCH_PATHS = (
					"$(inherited)",
					"@executable_path/Frameworks",
				);
				PRODUCT_BUNDLE_IDENTIFIER = Kish.PozProject;
				PRODUCT_NAME = "$(TARGET_NAME)";
				SWIFT_VERSION = 5.0;
				TARGETED_DEVICE_FAMILY = "1,2";
			};
			name = Release;
		};
		DE5F0FD925C9F06F003F7AA8 /* Debug */ = {
			isa = XCBuildConfiguration;
			baseConfigurationReference = 95A01B588EB9945984D7B7D6 /* Pods-PozProjectTests.debug.xcconfig */;
			buildSettings = {
				ALWAYS_EMBED_SWIFT_STANDARD_LIBRARIES = YES;
				BUNDLE_LOADER = "$(TEST_HOST)";
				CODE_SIGN_STYLE = Automatic;
				INFOPLIST_FILE = PozProjectTests/Info.plist;
				IPHONEOS_DEPLOYMENT_TARGET = 14.4;
				LD_RUNPATH_SEARCH_PATHS = (
					"$(inherited)",
					"@executable_path/Frameworks",
					"@loader_path/Frameworks",
				);
				PRODUCT_BUNDLE_IDENTIFIER = Kish.PozProjectTests;
				PRODUCT_NAME = "$(TARGET_NAME)";
				SWIFT_VERSION = 5.0;
				TARGETED_DEVICE_FAMILY = "1,2";
				TEST_HOST = "$(BUILT_PRODUCTS_DIR)/PozProject.app/PozProject";
			};
			name = Debug;
		};
		DE5F0FDA25C9F06F003F7AA8 /* Release */ = {
			isa = XCBuildConfiguration;
			baseConfigurationReference = AD3624DEDDA99DCD2C283AAB /* Pods-PozProjectTests.release.xcconfig */;
			buildSettings = {
				ALWAYS_EMBED_SWIFT_STANDARD_LIBRARIES = YES;
				BUNDLE_LOADER = "$(TEST_HOST)";
				CODE_SIGN_STYLE = Automatic;
				INFOPLIST_FILE = PozProjectTests/Info.plist;
				IPHONEOS_DEPLOYMENT_TARGET = 14.4;
				LD_RUNPATH_SEARCH_PATHS = (
					"$(inherited)",
					"@executable_path/Frameworks",
					"@loader_path/Frameworks",
				);
				PRODUCT_BUNDLE_IDENTIFIER = Kish.PozProjectTests;
				PRODUCT_NAME = "$(TARGET_NAME)";
				SWIFT_VERSION = 5.0;
				TARGETED_DEVICE_FAMILY = "1,2";
				TEST_HOST = "$(BUILT_PRODUCTS_DIR)/PozProject.app/PozProject";
			};
			name = Release;
		};
		DE5F0FDC25C9F06F003F7AA8 /* Debug */ = {
			isa = XCBuildConfiguration;
			baseConfigurationReference = 9F8079238718AF478F094CEB /* Pods-PozProject-PozProjectUITests.debug.xcconfig */;
			buildSettings = {
				ALWAYS_EMBED_SWIFT_STANDARD_LIBRARIES = YES;
				CODE_SIGN_STYLE = Automatic;
				INFOPLIST_FILE = PozProjectUITests/Info.plist;
				LD_RUNPATH_SEARCH_PATHS = (
					"$(inherited)",
					"@executable_path/Frameworks",
					"@loader_path/Frameworks",
				);
				PRODUCT_BUNDLE_IDENTIFIER = Kish.PozProjectUITests;
				PRODUCT_NAME = "$(TARGET_NAME)";
				SWIFT_VERSION = 5.0;
				TARGETED_DEVICE_FAMILY = "1,2";
				TEST_TARGET_NAME = PozProject;
			};
			name = Debug;
		};
		DE5F0FDD25C9F06F003F7AA8 /* Release */ = {
			isa = XCBuildConfiguration;
			baseConfigurationReference = A31D30EBEF0BD0031A4B402F /* Pods-PozProject-PozProjectUITests.release.xcconfig */;
			buildSettings = {
				ALWAYS_EMBED_SWIFT_STANDARD_LIBRARIES = YES;
				CODE_SIGN_STYLE = Automatic;
				INFOPLIST_FILE = PozProjectUITests/Info.plist;
				LD_RUNPATH_SEARCH_PATHS = (
					"$(inherited)",
					"@executable_path/Frameworks",
					"@loader_path/Frameworks",
				);
				PRODUCT_BUNDLE_IDENTIFIER = Kish.PozProjectUITests;
				PRODUCT_NAME = "$(TARGET_NAME)";
				SWIFT_VERSION = 5.0;
				TARGETED_DEVICE_FAMILY = "1,2";
				TEST_TARGET_NAME = PozProject;
			};
			name = Release;
		};
/* End XCBuildConfiguration section */

/* Begin XCConfigurationList section */
		DE5F0FA625C9F06B003F7AA8 /* Build configuration list for PBXProject "PozProject" */ = {
			isa = XCConfigurationList;
			buildConfigurations = (
				DE5F0FD325C9F06F003F7AA8 /* Debug */,
				DE5F0FD425C9F06F003F7AA8 /* Release */,
			);
			defaultConfigurationIsVisible = 0;
			defaultConfigurationName = Release;
		};
		DE5F0FD525C9F06F003F7AA8 /* Build configuration list for PBXNativeTarget "PozProject" */ = {
			isa = XCConfigurationList;
			buildConfigurations = (
				DE5F0FD625C9F06F003F7AA8 /* Debug */,
				DE5F0FD725C9F06F003F7AA8 /* Release */,
			);
			defaultConfigurationIsVisible = 0;
			defaultConfigurationName = Release;
		};
		DE5F0FD825C9F06F003F7AA8 /* Build configuration list for PBXNativeTarget "PozProjectTests" */ = {
			isa = XCConfigurationList;
			buildConfigurations = (
				DE5F0FD925C9F06F003F7AA8 /* Debug */,
				DE5F0FDA25C9F06F003F7AA8 /* Release */,
			);
			defaultConfigurationIsVisible = 0;
			defaultConfigurationName = Release;
		};
		DE5F0FDB25C9F06F003F7AA8 /* Build configuration list for PBXNativeTarget "PozProjectUITests" */ = {
			isa = XCConfigurationList;
			buildConfigurations = (
				DE5F0FDC25C9F06F003F7AA8 /* Debug */,
				DE5F0FDD25C9F06F003F7AA8 /* Release */,
			);
			defaultConfigurationIsVisible = 0;
			defaultConfigurationName = Release;
		};
/* End XCConfigurationList section */

/* Begin XCRemoteSwiftPackageReference section */
		DEDB5DCF25D3B4E8009F5B0D /* XCRemoteSwiftPackageReference "lottie-ios" */ = {
			isa = XCRemoteSwiftPackageReference;
			repositoryURL = "https://github.com/airbnb/lottie-ios.git";
			requirement = {
				kind = upToNextMajorVersion;
				minimumVersion = 3.2.1;
			};
		};
/* End XCRemoteSwiftPackageReference section */

/* Begin XCSwiftPackageProductDependency section */
		DEDB5DD025D3B4E8009F5B0D /* Lottie */ = {
			isa = XCSwiftPackageProductDependency;
			package = DEDB5DCF25D3B4E8009F5B0D /* XCRemoteSwiftPackageReference "lottie-ios" */;
			productName = Lottie;
		};
/* End XCSwiftPackageProductDependency section */
	};
	rootObject = DE5F0FA325C9F06B003F7AA8 /* Project object */;
}
